
Microsoft Visual Studio Solution File, Format Version 12.00
Project("{2150E333-8FDC-42A3-9474-1A3956D46DE8}") = "src", "src", "{3661EE51-BC7F-4FA9-BA17-203EA6DFFF10}"
EndProject
Project("{2150E333-8FDC-42A3-9474-1A3956D46DE8}") = "apps", "apps", "{9E8FC2D2-420F-4384-87B9-5DC73F9985F5}"
EndProject
Project("{FAE04EC0-301F-11D3-BF4B-00C04F79EFBC}") = "Caracal.Device.Manager", "src\apps\Caracal.Device.Manager\Caracal.Device.Manager.csproj", "{8360CB34-6154-4199-B569-C98E127828EB}"
EndProject
Project("{2150E333-8FDC-42A3-9474-1A3956D46DE8}") = "libs", "libs", "{44B3330C-8409-4EB3-A531-AA02349CD458}"
EndProject
Project("{2150E333-8FDC-42A3-9474-1A3956D46DE8}") = "update-managers", "update-managers", "{6F377BED-5FCC-4105-9014-6ED07FA8E92E}"
EndProject
Project("{FAE04EC0-301F-11D3-BF4B-00C04F79EFBC}") = "Caracal.Device.UpdateManager", "src\libs\update-managers\Caracal.Device.UpdateManager\Caracal.Device.UpdateManager.csproj", "{A7B975C5-0DDD-4A7C-8BF4-9024D9638E74}"
EndProject
Project("{FAE04EC0-301F-11D3-BF4B-00C04F79EFBC}") = "Caracal.Device.UpdateManager.Hawkbit.Rest", "src\libs\update-managers\Caracal.Device.UpdateManager.Hawkbit.Rest\Caracal.Device.UpdateManager.Hawkbit.Rest.csproj", "{BFF25FFE-B908-4819-961F-A0198E0F6D21}"
EndProject
Project("{FAE04EC0-301F-11D3-BF4B-00C04F79EFBC}") = "Caracal.Device.UpdateManager.Hawkbit.RabbitMQ", "src\libs\update-managers\Caracal.Device.UpdateManager.Hawkbit.RabbitMQ\Caracal.Device.UpdateManager.Hawkbit.RabbitMQ.csproj", "{A03378D4-4C43-4291-BE5F-01B9A15B51DA}"
EndProject
Project("{FAE04EC0-301F-11D3-BF4B-00C04F79EFBC}") = "Caracal.Messaging.Mqtt", "src\libs\Caracal.Messaging.Mqtt\Caracal.Messaging.Mqtt.csproj", "{C8F6899F-B077-4622-9C6D-AE12E308C0D6}"
EndProject
Project("{FAE04EC0-301F-11D3-BF4B-00C04F79EFBC}") = "Caracal.SoftwareUpdate.Application", "src\libs\Caracal.SoftwareUpdate.Application\Caracal.SoftwareUpdate.Application.csproj", "{29C32360-4B6D-4072-B6A7-A2D71BFB9486}"
EndProject
Global
	GlobalSection(SolutionConfigurationPlatforms) = preSolution
		Debug|Any CPU = Debug|Any CPU
		Release|Any CPU = Release|Any CPU
	EndGlobalSection
	GlobalSection(NestedProjects) = preSolution
		{9E8FC2D2-420F-4384-87B9-5DC73F9985F5} = {3661EE51-BC7F-4FA9-BA17-203EA6DFFF10}
		{8360CB34-6154-4199-B569-C98E127828EB} = {9E8FC2D2-420F-4384-87B9-5DC73F9985F5}
		{44B3330C-8409-4EB3-A531-AA02349CD458} = {3661EE51-BC7F-4FA9-BA17-203EA6DFFF10}
		{6F377BED-5FCC-4105-9014-6ED07FA8E92E} = {44B3330C-8409-4EB3-A531-AA02349CD458}
		{A7B975C5-0DDD-4A7C-8BF4-9024D9638E74} = {6F377BED-5FCC-4105-9014-6ED07FA8E92E}
		{BFF25FFE-B908-4819-961F-A0198E0F6D21} = {6F377BED-5FCC-4105-9014-6ED07FA8E92E}
		{A03378D4-4C43-4291-BE5F-01B9A15B51DA} = {6F377BED-5FCC-4105-9014-6ED07FA8E92E}
		{C8F6899F-B077-4622-9C6D-AE12E308C0D6} = {44B3330C-8409-4EB3-A531-AA02349CD458}
		{29C32360-4B6D-4072-B6A7-A2D71BFB9486} = {44B3330C-8409-4EB3-A531-AA02349CD458}
	EndGlobalSection
	GlobalSection(ProjectConfigurationPlatforms) = postSolution
		{8360CB34-6154-4199-B569-C98E127828EB}.Debug|Any CPU.ActiveCfg = Debug|Any CPU
		{8360CB34-6154-4199-B569-C98E127828EB}.Debug|Any CPU.Build.0 = Debug|Any CPU
		{8360CB34-6154-4199-B569-C98E127828EB}.Release|Any CPU.ActiveCfg = Release|Any CPU
		{8360CB34-6154-4199-B569-C98E127828EB}.Release|Any CPU.Build.0 = Release|Any CPU
		{A7B975C5-0DDD-4A7C-8BF4-9024D9638E74}.Debug|Any CPU.ActiveCfg = Debug|Any CPU
		{A7B975C5-0DDD-4A7C-8BF4-9024D9638E74}.Debug|Any CPU.Build.0 = Debug|Any CPU
		{A7B975C5-0DDD-4A7C-8BF4-9024D9638E74}.Release|Any CPU.ActiveCfg = Release|Any CPU
		{A7B975C5-0DDD-4A7C-8BF4-9024D9638E74}.Release|Any CPU.Build.0 = Release|Any CPU
		{BFF25FFE-B908-4819-961F-A0198E0F6D21}.Debug|Any CPU.ActiveCfg = Debug|Any CPU
		{BFF25FFE-B908-4819-961F-A0198E0F6D21}.Debug|Any CPU.Build.0 = Debug|Any CPU
		{BFF25FFE-B908-4819-961F-A0198E0F6D21}.Release|Any CPU.ActiveCfg = Release|Any CPU
		{BFF25FFE-B908-4819-961F-A0198E0F6D21}.Release|Any CPU.Build.0 = Release|Any CPU
		{A03378D4-4C43-4291-BE5F-01B9A15B51DA}.Debug|Any CPU.ActiveCfg = Debug|Any CPU
		{A03378D4-4C43-4291-BE5F-01B9A15B51DA}.Debug|Any CPU.Build.0 = Debug|Any CPU
		{A03378D4-4C43-4291-BE5F-01B9A15B51DA}.Release|Any CPU.ActiveCfg = Release|Any CPU
		{A03378D4-4C43-4291-BE5F-01B9A15B51DA}.Release|Any CPU.Build.0 = Release|Any CPU
		{C8F6899F-B077-4622-9C6D-AE12E308C0D6}.Debug|Any CPU.ActiveCfg = Debug|Any CPU
		{C8F6899F-B077-4622-9C6D-AE12E308C0D6}.Debug|Any CPU.Build.0 = Debug|Any CPU
		{C8F6899F-B077-4622-9C6D-AE12E308C0D6}.Release|Any CPU.ActiveCfg = Release|Any CPU
		{C8F6899F-B077-4622-9C6D-AE12E308C0D6}.Release|Any CPU.Build.0 = Release|Any CPU
		{29C32360-4B6D-4072-B6A7-A2D71BFB9486}.Debug|Any CPU.ActiveCfg = Debug|Any CPU
		{29C32360-4B6D-4072-B6A7-A2D71BFB9486}.Debug|Any CPU.Build.0 = Debug|Any CPU
		{29C32360-4B6D-4072-B6A7-A2D71BFB9486}.Release|Any CPU.ActiveCfg = Release|Any CPU
		{29C32360-4B6D-4072-B6A7-A2D71BFB9486}.Release|Any CPU.Build.0 = Release|Any CPU
	EndGlobalSection
EndGlobal
